// !$*UTF8*$!
{
	archiveVersion = 1;
	classes = {
	};
	objectVersion = 45;
	objects = {

/* Begin PBXBuildFile section */
		24B1769E170635830039DCBC /* Cocoa.framework in Frameworks */ = {isa = PBXBuildFile; fileRef = 24B1769D170635830039DCBC /* Cocoa.framework */; };
		24B176A01706359B0039DCBC /* OpenGL.framework in Frameworks */ = {isa = PBXBuildFile; fileRef = 24B1769F1706359B0039DCBC /* OpenGL.framework */; };
		24B176C3170637970039DCBC /* IOKit.framework in Frameworks */ = {isa = PBXBuildFile; fileRef = 24B176C2170637970039DCBC /* IOKit.framework */; };
		24B177B0170640740039DCBC /* MK_GLFWApp.cpp in Sources */ = {isa = PBXBuildFile; fileRef = 24B177AE170640740039DCBC /* MK_GLFWApp.cpp */; };
		24B177E4170643BB0039DCBC /* MK_Camera.cpp in Sources */ = {isa = PBXBuildFile; fileRef = 24B177DD170643BA0039DCBC /* MK_Camera.cpp */; };
		24B177E5170643BB0039DCBC /* MK_Image.cpp in Sources */ = {isa = PBXBuildFile; fileRef = 24B177DE170643BA0039DCBC /* MK_Image.cpp */; };
		24B177E6170643BB0039DCBC /* MK_Materials.cpp in Sources */ = {isa = PBXBuildFile; fileRef = 24B177DF170643BA0039DCBC /* MK_Materials.cpp */; };
		24B177E7170643BB0039DCBC /* MK_Primitives.cpp in Sources */ = {isa = PBXBuildFile; fileRef = 24B177E0170643BA0039DCBC /* MK_Primitives.cpp */; };
		24B177E8170643BB0039DCBC /* MK_Shader.cpp in Sources */ = {isa = PBXBuildFile; fileRef = 24B177E1170643BB0039DCBC /* MK_Shader.cpp */; };
		24B177EA170643BB0039DCBC /* MK_Texture.cpp in Sources */ = {isa = PBXBuildFile; fileRef = 24B177E3170643BB0039DCBC /* MK_Texture.cpp */; };
		24B177FE170643D40039DCBC /* GLee.c in Sources */ = {isa = PBXBuildFile; fileRef = 24B177F2170643D40039DCBC /* GLee.c */; };
		24B17801170643D40039DCBC /* gltools.cpp in Sources */ = {isa = PBXBuildFile; fileRef = 24B177F8170643D40039DCBC /* gltools.cpp */; };
		24B17803170643D40039DCBC /* math3d.cpp in Sources */ = {isa = PBXBuildFile; fileRef = 24B177FB170643D40039DCBC /* math3d.cpp */; };
		24B17843170644F30039DCBC /* MK_Models.cpp in Sources */ = {isa = PBXBuildFile; fileRef = 24B1783D170644F30039DCBC /* MK_Models.cpp */; };
		24B1793C170656B20039DCBC /* glm.c in Sources */ = {isa = PBXBuildFile; fileRef = 24B17932170656B20039DCBC /* glm.c */; };
		24B1793D170656B20039DCBC /* glm_util.c in Sources */ = {isa = PBXBuildFile; fileRef = 24B17934170656B20039DCBC /* glm_util.c */; };
		24B1793E170656B20039DCBC /* glmimg.c in Sources */ = {isa = PBXBuildFile; fileRef = 24B17935170656B20039DCBC /* glmimg.c */; };
		24B1793F170656B20039DCBC /* glmimg_devil.c in Sources */ = {isa = PBXBuildFile; fileRef = 24B17936170656B20039DCBC /* glmimg_devil.c */; };
		24B17940170656B20039DCBC /* glmimg_jpg.c in Sources */ = {isa = PBXBuildFile; fileRef = 24B17937170656B20039DCBC /* glmimg_jpg.c */; };
		24B17941170656B20039DCBC /* glmimg_png.c in Sources */ = {isa = PBXBuildFile; fileRef = 24B17938170656B20039DCBC /* glmimg_png.c */; };
		24B17942170656B20039DCBC /* glmimg_sdl.c in Sources */ = {isa = PBXBuildFile; fileRef = 24B17939170656B20039DCBC /* glmimg_sdl.c */; };
		24B17943170656B20039DCBC /* glmimg_sim.c in Sources */ = {isa = PBXBuildFile; fileRef = 24B1793A170656B20039DCBC /* glmimg_sim.c */; };
		24B1796E1706579E0039DCBC /* USBInterfaceClass.cpp in Sources */ = {isa = PBXBuildFile; fileRef = 24B1796A1706579E0039DCBC /* USBInterfaceClass.cpp */; };
		24B17976170657CE0039DCBC /* WatchDog.cpp in Sources */ = {isa = PBXBuildFile; fileRef = 24B17974170657CE0039DCBC /* WatchDog.cpp */; };
		24B4ABA217FE2C4500F6A0A7 /* Scene.cpp in Sources */ = {isa = PBXBuildFile; fileRef = 24B4ABA117FE2C4500F6A0A7 /* Scene.cpp */; };
		24BC069A180F22E700B5A5DC /* GridHandler.cpp in Sources */ = {isa = PBXBuildFile; fileRef = 24BC0699180F22E700B5A5DC /* GridHandler.cpp */; };
		24BEC3431706C5F00022D6EF /* GLUT.framework in Frameworks */ = {isa = PBXBuildFile; fileRef = 24BEC3421706C5F00022D6EF /* GLUT.framework */; };
		24BEC36A1706C8080022D6EF /* MK_Text.cpp in Sources */ = {isa = PBXBuildFile; fileRef = 24BEC3681706C8080022D6EF /* MK_Text.cpp */; };
		24BEC36D1706C9300022D6EF /* MK_Input.cpp in Sources */ = {isa = PBXBuildFile; fileRef = 24BEC36B1706C9300022D6EF /* MK_Input.cpp */; };
		24BF45CB1804E69800651578 /* MK_Math.cpp in Sources */ = {isa = PBXBuildFile; fileRef = 24BF45CA1804E69800651578 /* MK_Math.cpp */; };
		24D1A4CF1819F5CD00808F8D /* Controls.cpp in Sources */ = {isa = PBXBuildFile; fileRef = 24D1A4CE1819F5CD00808F8D /* Controls.cpp */; };
		27AEB15E17DC3B4700977931 /* hid.c in Sources */ = {isa = PBXBuildFile; fileRef = 27AEB15D17DC3B4700977931 /* hid.c */; };
		8DD76F650486A84900D96B5E /* main.cpp in Sources */ = {isa = PBXBuildFile; fileRef = 08FB7796FE84155DC02AAC07 /* main.cpp */; settings = {ATTRIBUTES = (); }; };
		8DD76F6A0486A84900D96B5E /* MKGLibrary.1 in CopyFiles */ = {isa = PBXBuildFile; fileRef = C6859E8B029090EE04C91782 /* MKGLibrary.1 */; };
/* End PBXBuildFile section */

/* Begin PBXCopyFilesBuildPhase section */
		8DD76F690486A84900D96B5E /* CopyFiles */ = {
			isa = PBXCopyFilesBuildPhase;
			buildActionMask = 8;
			dstPath = /usr/share/man/man1/;
			dstSubfolderSpec = 0;
			files = (
				8DD76F6A0486A84900D96B5E /* MKGLibrary.1 in CopyFiles */,
			);
			runOnlyForDeploymentPostprocessing = 1;
		};
/* End PBXCopyFilesBuildPhase section */

/* Begin PBXFileReference section */
		08FB7796FE84155DC02AAC07 /* main.cpp */ = {isa = PBXFileReference; fileEncoding = 4; lastKnownFileType = sourcecode.cpp.cpp; path = main.cpp; sourceTree = "<group>"; };
		24B1769D170635830039DCBC /* Cocoa.framework */ = {isa = PBXFileReference; lastKnownFileType = wrapper.framework; name = Cocoa.framework; path = System/Library/Frameworks/Cocoa.framework; sourceTree = SDKROOT; };
		24B1769F1706359B0039DCBC /* OpenGL.framework */ = {isa = PBXFileReference; lastKnownFileType = wrapper.framework; name = OpenGL.framework; path = System/Library/Frameworks/OpenGL.framework; sourceTree = SDKROOT; };
		24B176C2170637970039DCBC /* IOKit.framework */ = {isa = PBXFileReference; lastKnownFileType = wrapper.framework; name = IOKit.framework; path = System/Library/Frameworks/IOKit.framework; sourceTree = SDKROOT; };
		24B177AE170640740039DCBC /* MK_GLFWApp.cpp */ = {isa = PBXFileReference; fileEncoding = 4; lastKnownFileType = sourcecode.cpp.cpp; path = MK_GLFWApp.cpp; sourceTree = "<group>"; };
		24B177AF170640740039DCBC /* MK_GLFWApp.h */ = {isa = PBXFileReference; fileEncoding = 4; lastKnownFileType = sourcecode.c.h; path = MK_GLFWApp.h; sourceTree = "<group>"; };
		24B177D6170643BA0039DCBC /* MK_Camera.h */ = {isa = PBXFileReference; fileEncoding = 4; lastKnownFileType = sourcecode.c.h; path = MK_Camera.h; sourceTree = "<group>"; };
		24B177D7170643BA0039DCBC /* MK_Image.h */ = {isa = PBXFileReference; fileEncoding = 4; lastKnownFileType = sourcecode.c.h; path = MK_Image.h; sourceTree = "<group>"; };
		24B177D8170643BA0039DCBC /* MK_Materials.h */ = {isa = PBXFileReference; fileEncoding = 4; lastKnownFileType = sourcecode.c.h; path = MK_Materials.h; sourceTree = "<group>"; };
		24B177D9170643BA0039DCBC /* MK_Primitives.h */ = {isa = PBXFileReference; fileEncoding = 4; lastKnownFileType = sourcecode.c.h; path = MK_Primitives.h; sourceTree = "<group>"; };
		24B177DA170643BA0039DCBC /* MK_Shader.h */ = {isa = PBXFileReference; fileEncoding = 4; lastKnownFileType = sourcecode.c.h; path = MK_Shader.h; sourceTree = "<group>"; };
		24B177DC170643BA0039DCBC /* MK_Texture.h */ = {isa = PBXFileReference; fileEncoding = 4; lastKnownFileType = sourcecode.c.h; path = MK_Texture.h; sourceTree = "<group>"; };
		24B177DD170643BA0039DCBC /* MK_Camera.cpp */ = {isa = PBXFileReference; fileEncoding = 4; lastKnownFileType = sourcecode.cpp.cpp; path = MK_Camera.cpp; sourceTree = "<group>"; };
		24B177DE170643BA0039DCBC /* MK_Image.cpp */ = {isa = PBXFileReference; fileEncoding = 4; lastKnownFileType = sourcecode.cpp.cpp; path = MK_Image.cpp; sourceTree = "<group>"; };
		24B177DF170643BA0039DCBC /* MK_Materials.cpp */ = {isa = PBXFileReference; fileEncoding = 4; lastKnownFileType = sourcecode.cpp.cpp; path = MK_Materials.cpp; sourceTree = "<group>"; };
		24B177E0170643BA0039DCBC /* MK_Primitives.cpp */ = {isa = PBXFileReference; fileEncoding = 4; lastKnownFileType = sourcecode.cpp.cpp; path = MK_Primitives.cpp; sourceTree = "<group>"; };
		24B177E1170643BB0039DCBC /* MK_Shader.cpp */ = {isa = PBXFileReference; fileEncoding = 4; lastKnownFileType = sourcecode.cpp.cpp; path = MK_Shader.cpp; sourceTree = "<group>"; };
		24B177E3170643BB0039DCBC /* MK_Texture.cpp */ = {isa = PBXFileReference; fileEncoding = 4; lastKnownFileType = sourcecode.cpp.cpp; path = MK_Texture.cpp; sourceTree = "<group>"; };
		24B177F2170643D40039DCBC /* GLee.c */ = {isa = PBXFileReference; fileEncoding = 4; lastKnownFileType = sourcecode.c.c; path = GLee.c; sourceTree = "<group>"; };
		24B177F3170643D40039DCBC /* GLee.h */ = {isa = PBXFileReference; fileEncoding = 4; lastKnownFileType = sourcecode.c.h; path = GLee.h; sourceTree = "<group>"; };
		24B177F5170643D40039DCBC /* glFrame.h */ = {isa = PBXFileReference; fileEncoding = 4; lastKnownFileType = sourcecode.c.h; path = glFrame.h; sourceTree = "<group>"; };
		24B177F8170643D40039DCBC /* gltools.cpp */ = {isa = PBXFileReference; fileEncoding = 4; lastKnownFileType = sourcecode.cpp.cpp; path = gltools.cpp; sourceTree = "<group>"; };
		24B177F9170643D40039DCBC /* gltools.h */ = {isa = PBXFileReference; fileEncoding = 4; lastKnownFileType = sourcecode.c.h; path = gltools.h; sourceTree = "<group>"; };
		24B177FB170643D40039DCBC /* math3d.cpp */ = {isa = PBXFileReference; fileEncoding = 4; lastKnownFileType = sourcecode.cpp.cpp; path = math3d.cpp; sourceTree = "<group>"; };
		24B177FC170643D40039DCBC /* math3d.h */ = {isa = PBXFileReference; fileEncoding = 4; lastKnownFileType = sourcecode.c.h; path = math3d.h; sourceTree = "<group>"; };
		24B1783D170644F30039DCBC /* MK_Models.cpp */ = {isa = PBXFileReference; fileEncoding = 4; lastKnownFileType = sourcecode.cpp.cpp; path = MK_Models.cpp; sourceTree = "<group>"; };
		24B1783E170644F30039DCBC /* MK_Models.h */ = {isa = PBXFileReference; fileEncoding = 4; lastKnownFileType = sourcecode.c.h; path = MK_Models.h; sourceTree = "<group>"; };
		24B17931170656B20039DCBC /* config.h */ = {isa = PBXFileReference; fileEncoding = 4; lastKnownFileType = sourcecode.c.h; path = config.h; sourceTree = "<group>"; };
		24B17932170656B20039DCBC /* glm.c */ = {isa = PBXFileReference; fileEncoding = 4; lastKnownFileType = sourcecode.c.c; path = glm.c; sourceTree = "<group>"; };
		24B17933170656B20039DCBC /* glm.h */ = {isa = PBXFileReference; fileEncoding = 4; lastKnownFileType = sourcecode.c.h; path = glm.h; sourceTree = "<group>"; };
		24B17934170656B20039DCBC /* glm_util.c */ = {isa = PBXFileReference; fileEncoding = 4; lastKnownFileType = sourcecode.c.c; path = glm_util.c; sourceTree = "<group>"; };
		24B17935170656B20039DCBC /* glmimg.c */ = {isa = PBXFileReference; fileEncoding = 4; lastKnownFileType = sourcecode.c.c; path = glmimg.c; sourceTree = "<group>"; };
		24B17936170656B20039DCBC /* glmimg_devil.c */ = {isa = PBXFileReference; fileEncoding = 4; lastKnownFileType = sourcecode.c.c; path = glmimg_devil.c; sourceTree = "<group>"; };
		24B17937170656B20039DCBC /* glmimg_jpg.c */ = {isa = PBXFileReference; fileEncoding = 4; lastKnownFileType = sourcecode.c.c; path = glmimg_jpg.c; sourceTree = "<group>"; };
		24B17938170656B20039DCBC /* glmimg_png.c */ = {isa = PBXFileReference; fileEncoding = 4; lastKnownFileType = sourcecode.c.c; path = glmimg_png.c; sourceTree = "<group>"; };
		24B17939170656B20039DCBC /* glmimg_sdl.c */ = {isa = PBXFileReference; fileEncoding = 4; lastKnownFileType = sourcecode.c.c; path = glmimg_sdl.c; sourceTree = "<group>"; };
		24B1793A170656B20039DCBC /* glmimg_sim.c */ = {isa = PBXFileReference; fileEncoding = 4; lastKnownFileType = sourcecode.c.c; path = glmimg_sim.c; sourceTree = "<group>"; };
		24B1793B170656B20039DCBC /* glmint.h */ = {isa = PBXFileReference; fileEncoding = 4; lastKnownFileType = sourcecode.c.h; path = glmint.h; sourceTree = "<group>"; };
		24B179691706579E0039DCBC /* hidapi.h */ = {isa = PBXFileReference; fileEncoding = 4; lastKnownFileType = sourcecode.c.h; path = hidapi.h; sourceTree = "<group>"; };
		24B1796A1706579E0039DCBC /* USBInterfaceClass.cpp */ = {isa = PBXFileReference; fileEncoding = 4; lastKnownFileType = sourcecode.cpp.cpp; path = USBInterfaceClass.cpp; sourceTree = "<group>"; };
		24B1796B1706579E0039DCBC /* USBInterfaceClass.h */ = {isa = PBXFileReference; fileEncoding = 4; lastKnownFileType = sourcecode.c.h; path = USBInterfaceClass.h; sourceTree = "<group>"; };
		24B17974170657CE0039DCBC /* WatchDog.cpp */ = {isa = PBXFileReference; fileEncoding = 4; lastKnownFileType = sourcecode.cpp.cpp; path = WatchDog.cpp; sourceTree = "<group>"; };
		24B17975170657CE0039DCBC /* WatchDog.h */ = {isa = PBXFileReference; fileEncoding = 4; lastKnownFileType = sourcecode.c.h; path = WatchDog.h; sourceTree = "<group>"; };
		24B4ABA017FE2C4500F6A0A7 /* Scene.h */ = {isa = PBXFileReference; fileEncoding = 4; lastKnownFileType = sourcecode.c.h; path = Scene.h; sourceTree = "<group>"; };
		24B4ABA117FE2C4500F6A0A7 /* Scene.cpp */ = {isa = PBXFileReference; fileEncoding = 4; lastKnownFileType = sourcecode.cpp.cpp; path = Scene.cpp; sourceTree = "<group>"; };
		24BC0698180F22E700B5A5DC /* GridHandler.h */ = {isa = PBXFileReference; fileEncoding = 4; lastKnownFileType = sourcecode.c.h; path = GridHandler.h; sourceTree = "<group>"; };
		24BC0699180F22E700B5A5DC /* GridHandler.cpp */ = {isa = PBXFileReference; fileEncoding = 4; lastKnownFileType = sourcecode.cpp.cpp; path = GridHandler.cpp; sourceTree = "<group>"; };
		24BEC3421706C5F00022D6EF /* GLUT.framework */ = {isa = PBXFileReference; lastKnownFileType = wrapper.framework; name = GLUT.framework; path = System/Library/Frameworks/GLUT.framework; sourceTree = SDKROOT; };
		24BEC3681706C8080022D6EF /* MK_Text.cpp */ = {isa = PBXFileReference; fileEncoding = 4; lastKnownFileType = sourcecode.cpp.cpp; path = MK_Text.cpp; sourceTree = "<group>"; };
		24BEC3691706C8080022D6EF /* MK_Text.h */ = {isa = PBXFileReference; fileEncoding = 4; lastKnownFileType = sourcecode.c.h; path = MK_Text.h; sourceTree = "<group>"; };
		24BEC36B1706C9300022D6EF /* MK_Input.cpp */ = {isa = PBXFileReference; fileEncoding = 4; lastKnownFileType = sourcecode.cpp.cpp; path = MK_Input.cpp; sourceTree = "<group>"; };
		24BEC36C1706C9300022D6EF /* MK_Input.h */ = {isa = PBXFileReference; fileEncoding = 4; lastKnownFileType = sourcecode.c.h; path = MK_Input.h; sourceTree = "<group>"; };
		24BF45C91804E69800651578 /* MK_Math.h */ = {isa = PBXFileReference; fileEncoding = 4; lastKnownFileType = sourcecode.c.h; path = MK_Math.h; sourceTree = "<group>"; };
		24BF45CA1804E69800651578 /* MK_Math.cpp */ = {isa = PBXFileReference; fileEncoding = 4; lastKnownFileType = sourcecode.cpp.cpp; path = MK_Math.cpp; sourceTree = "<group>"; };
		24D1A4CD1819F5CD00808F8D /* Controls.h */ = {isa = PBXFileReference; fileEncoding = 4; lastKnownFileType = sourcecode.c.h; path = Controls.h; sourceTree = "<group>"; };
		24D1A4CE1819F5CD00808F8D /* Controls.cpp */ = {isa = PBXFileReference; fileEncoding = 4; lastKnownFileType = sourcecode.cpp.cpp; path = Controls.cpp; sourceTree = "<group>"; };
		27AEB15D17DC3B4700977931 /* hid.c */ = {isa = PBXFileReference; fileEncoding = 4; lastKnownFileType = sourcecode.c.c; path = hid.c; sourceTree = "<group>"; };
		8DD76F6C0486A84900D96B5E /* MKGLibrary */ = {isa = PBXFileReference; explicitFileType = "compiled.mach-o.executable"; includeInIndex = 0; path = MKGLibrary; sourceTree = BUILT_PRODUCTS_DIR; };
		C6859E8B029090EE04C91782 /* MKGLibrary.1 */ = {isa = PBXFileReference; lastKnownFileType = text.man; path = MKGLibrary.1; sourceTree = "<group>"; };
/* End PBXFileReference section */

/* Begin PBXFrameworksBuildPhase section */
		8DD76F660486A84900D96B5E /* Frameworks */ = {
			isa = PBXFrameworksBuildPhase;
			buildActionMask = 2147483647;
			files = (
				24B1769E170635830039DCBC /* Cocoa.framework in Frameworks */,
				24B176A01706359B0039DCBC /* OpenGL.framework in Frameworks */,
				24B176C3170637970039DCBC /* IOKit.framework in Frameworks */,
				24BEC3431706C5F00022D6EF /* GLUT.framework in Frameworks */,
			);
			runOnlyForDeploymentPostprocessing = 0;
		};
/* End PBXFrameworksBuildPhase section */

/* Begin PBXGroup section */
		08FB7794FE84155DC02AAC07 /* MKGLibrary */ = {
			isa = PBXGroup;
			children = (
				24B1769C1706356D0039DCBC /* Frameworks */,
				08FB7795FE84155DC02AAC07 /* Source */,
				C6859E8C029090F304C91782 /* Documentation */,
				1AB674ADFE9D54B511CA2CBB /* Products */,
			);
			name = MKGLibrary;
			sourceTree = "<group>";
		};
		08FB7795FE84155DC02AAC07 /* Source */ = {
			isa = PBXGroup;
			children = (
				24B179671706579E0039DCBC /* USBInterface */,
				24B17930170656B20039DCBC /* glm */,
				24B177F1170643D30039DCBC /* glTools */,
				24B177AD170640740039DCBC /* MKGL */,
				08FB7796FE84155DC02AAC07 /* main.cpp */,
				24B17974170657CE0039DCBC /* WatchDog.cpp */,
				24B17975170657CE0039DCBC /* WatchDog.h */,
				24B4ABA117FE2C4500F6A0A7 /* Scene.cpp */,
				24B4ABA017FE2C4500F6A0A7 /* Scene.h */,
				24BC0698180F22E700B5A5DC /* GridHandler.h */,
				24BC0699180F22E700B5A5DC /* GridHandler.cpp */,
				24D1A4CE1819F5CD00808F8D /* Controls.cpp */,
				24D1A4CD1819F5CD00808F8D /* Controls.h */,
			);
			name = Source;
			sourceTree = "<group>";
		};
		1AB674ADFE9D54B511CA2CBB /* Products */ = {
			isa = PBXGroup;
			children = (
				8DD76F6C0486A84900D96B5E /* MKGLibrary */,
			);
			name = Products;
			sourceTree = "<group>";
		};
		24B1769C1706356D0039DCBC /* Frameworks */ = {
			isa = PBXGroup;
			children = (
				24B1769D170635830039DCBC /* Cocoa.framework */,
				24B1769F1706359B0039DCBC /* OpenGL.framework */,
				24B176C2170637970039DCBC /* IOKit.framework */,
				24BEC3421706C5F00022D6EF /* GLUT.framework */,
			);
			name = Frameworks;
			sourceTree = "<group>";
		};
		24B177AD170640740039DCBC /* MKGL */ = {
			isa = PBXGroup;
			children = (
				24B17838170644F30039DCBC /* MK_Mesh */,
				24B177D6170643BA0039DCBC /* MK_Camera.h */,
				24B177DD170643BA0039DCBC /* MK_Camera.cpp */,
				24B177D7170643BA0039DCBC /* MK_Image.h */,
				24B177DE170643BA0039DCBC /* MK_Image.cpp */,
				24B177D8170643BA0039DCBC /* MK_Materials.h */,
				24B177DF170643BA0039DCBC /* MK_Materials.cpp */,
				24B177D9170643BA0039DCBC /* MK_Primitives.h */,
				24B177E0170643BA0039DCBC /* MK_Primitives.cpp */,
				24B177DA170643BA0039DCBC /* MK_Shader.h */,
				24B177E1170643BB0039DCBC /* MK_Shader.cpp */,
				24B177DC170643BA0039DCBC /* MK_Texture.h */,
				24B177E3170643BB0039DCBC /* MK_Texture.cpp */,
				24BEC3681706C8080022D6EF /* MK_Text.cpp */,
				24BEC3691706C8080022D6EF /* MK_Text.h */,
				24BEC36B1706C9300022D6EF /* MK_Input.cpp */,
				24BEC36C1706C9300022D6EF /* MK_Input.h */,
				24B177AF170640740039DCBC /* MK_GLFWApp.h */,
				24B177AE170640740039DCBC /* MK_GLFWApp.cpp */,
				24BF45C91804E69800651578 /* MK_Math.h */,
				24BF45CA1804E69800651578 /* MK_Math.cpp */,
			);
			path = MKGL;
			sourceTree = "<group>";
		};
		24B177F1170643D30039DCBC /* glTools */ = {
			isa = PBXGroup;
			children = (
				24B177F2170643D40039DCBC /* GLee.c */,
				24B177F3170643D40039DCBC /* GLee.h */,
				24B177F5170643D40039DCBC /* glFrame.h */,
				24B177F8170643D40039DCBC /* gltools.cpp */,
				24B177F9170643D40039DCBC /* gltools.h */,
				24B177FB170643D40039DCBC /* math3d.cpp */,
				24B177FC170643D40039DCBC /* math3d.h */,
			);
			path = glTools;
			sourceTree = "<group>";
		};
		24B17838170644F30039DCBC /* MK_Mesh */ = {
			isa = PBXGroup;
			children = (
				24B1783D170644F30039DCBC /* MK_Models.cpp */,
				24B1783E170644F30039DCBC /* MK_Models.h */,
			);
			path = MK_Mesh;
			sourceTree = "<group>";
		};
		24B17930170656B20039DCBC /* glm */ = {
			isa = PBXGroup;
			children = (
				24B17931170656B20039DCBC /* config.h */,
				24B17932170656B20039DCBC /* glm.c */,
				24B17933170656B20039DCBC /* glm.h */,
				24B17934170656B20039DCBC /* glm_util.c */,
				24B17935170656B20039DCBC /* glmimg.c */,
				24B17936170656B20039DCBC /* glmimg_devil.c */,
				24B17937170656B20039DCBC /* glmimg_jpg.c */,
				24B17938170656B20039DCBC /* glmimg_png.c */,
				24B17939170656B20039DCBC /* glmimg_sdl.c */,
				24B1793A170656B20039DCBC /* glmimg_sim.c */,
				24B1793B170656B20039DCBC /* glmint.h */,
			);
			path = glm;
			sourceTree = "<group>";
		};
		24B179671706579E0039DCBC /* USBInterface */ = {
			isa = PBXGroup;
			children = (
				27AEB15D17DC3B4700977931 /* hid.c */,
				24B179691706579E0039DCBC /* hidapi.h */,
				24B1796A1706579E0039DCBC /* USBInterfaceClass.cpp */,
				24B1796B1706579E0039DCBC /* USBInterfaceClass.h */,
			);
			path = USBInterface;
			sourceTree = "<group>";
		};
		C6859E8C029090F304C91782 /* Documentation */ = {
			isa = PBXGroup;
			children = (
				C6859E8B029090EE04C91782 /* MKGLibrary.1 */,
			);
			name = Documentation;
			sourceTree = "<group>";
		};
/* End PBXGroup section */

/* Begin PBXNativeTarget section */
		8DD76F620486A84900D96B5E /* MKGLibrary */ = {
			isa = PBXNativeTarget;
			buildConfigurationList = 1DEB923108733DC60010E9CD /* Build configuration list for PBXNativeTarget "MKGLibrary" */;
			buildPhases = (
				8DD76F640486A84900D96B5E /* Sources */,
				8DD76F660486A84900D96B5E /* Frameworks */,
				8DD76F690486A84900D96B5E /* CopyFiles */,
			);
			buildRules = (
			);
			dependencies = (
			);
			name = MKGLibrary;
			productInstallPath = "$(HOME)/bin";
			productName = MKGLibrary;
			productReference = 8DD76F6C0486A84900D96B5E /* MKGLibrary */;
			productType = "com.apple.product-type.tool";
		};
/* End PBXNativeTarget section */

/* Begin PBXProject section */
		08FB7793FE84155DC02AAC07 /* Project object */ = {
			isa = PBXProject;
			buildConfigurationList = 1DEB923508733DC60010E9CD /* Build configuration list for PBXProject "MKGLibrary" */;
			compatibilityVersion = "Xcode 3.1";
			developmentRegion = English;
			hasScannedForEncodings = 1;
			knownRegions = (
				English,
				Japanese,
				French,
				German,
			);
			mainGroup = 08FB7794FE84155DC02AAC07 /* MKGLibrary */;
			projectDirPath = "";
			projectRoot = "";
			targets = (
				8DD76F620486A84900D96B5E /* MKGLibrary */,
			);
		};
/* End PBXProject section */

/* Begin PBXSourcesBuildPhase section */
		8DD76F640486A84900D96B5E /* Sources */ = {
			isa = PBXSourcesBuildPhase;
			buildActionMask = 2147483647;
			files = (
				8DD76F650486A84900D96B5E /* main.cpp in Sources */,
				24B177B0170640740039DCBC /* MK_GLFWApp.cpp in Sources */,
				24B177E4170643BB0039DCBC /* MK_Camera.cpp in Sources */,
				24B177E5170643BB0039DCBC /* MK_Image.cpp in Sources */,
				24B177E6170643BB0039DCBC /* MK_Materials.cpp in Sources */,
				24B177E7170643BB0039DCBC /* MK_Primitives.cpp in Sources */,
				24B177E8170643BB0039DCBC /* MK_Shader.cpp in Sources */,
				24B177EA170643BB0039DCBC /* MK_Texture.cpp in Sources */,
				24B177FE170643D40039DCBC /* GLee.c in Sources */,
				24B17801170643D40039DCBC /* gltools.cpp in Sources */,
				24B17803170643D40039DCBC /* math3d.cpp in Sources */,
				24B17843170644F30039DCBC /* MK_Models.cpp in Sources */,
				24B1793C170656B20039DCBC /* glm.c in Sources */,
				24B1793D170656B20039DCBC /* glm_util.c in Sources */,
				24B1793E170656B20039DCBC /* glmimg.c in Sources */,
				24B1793F170656B20039DCBC /* glmimg_devil.c in Sources */,
				24B17940170656B20039DCBC /* glmimg_jpg.c in Sources */,
				24B17941170656B20039DCBC /* glmimg_png.c in Sources */,
				24B17942170656B20039DCBC /* glmimg_sdl.c in Sources */,
				24B17943170656B20039DCBC /* glmimg_sim.c in Sources */,
				24B1796E1706579E0039DCBC /* USBInterfaceClass.cpp in Sources */,
				24B17976170657CE0039DCBC /* WatchDog.cpp in Sources */,
				24BEC36A1706C8080022D6EF /* MK_Text.cpp in Sources */,
				24BEC36D1706C9300022D6EF /* MK_Input.cpp in Sources */,
				27AEB15E17DC3B4700977931 /* hid.c in Sources */,
				24B4ABA217FE2C4500F6A0A7 /* Scene.cpp in Sources */,
				24BF45CB1804E69800651578 /* MK_Math.cpp in Sources */,
				24BC069A180F22E700B5A5DC /* GridHandler.cpp in Sources */,
				24D1A4CF1819F5CD00808F8D /* Controls.cpp in Sources */,
			);
			runOnlyForDeploymentPostprocessing = 0;
		};
/* End PBXSourcesBuildPhase section */

/* Begin XCBuildConfiguration section */
		1DEB923208733DC60010E9CD /* Debug */ = {
			isa = XCBuildConfiguration;
			buildSettings = {
				ALWAYS_SEARCH_USER_PATHS = NO;
				COPY_PHASE_STRIP = NO;
				GCC_DYNAMIC_NO_PIC = NO;
				GCC_ENABLE_FIX_AND_CONTINUE = YES;
				GCC_MODEL_TUNING = G5;
				GCC_OPTIMIZATION_LEVEL = 0;
				INSTALL_PATH = /usr/local/bin;
				PRODUCT_NAME = MKGLibrary;
			};
			name = Debug;
		};
		1DEB923308733DC60010E9CD /* Release */ = {
			isa = XCBuildConfiguration;
			buildSettings = {
				ALWAYS_SEARCH_USER_PATHS = NO;
				DEBUG_INFORMATION_FORMAT = "dwarf-with-dsym";
				GCC_MODEL_TUNING = G5;
				INSTALL_PATH = /usr/local/bin;
				PRODUCT_NAME = MKGLibrary;
			};
			name = Release;
		};
		1DEB923608733DC60010E9CD /* Debug */ = {
			isa = XCBuildConfiguration;
			buildSettings = {
				ARCHS = "$(ARCHS_STANDARD_32_64_BIT)";
				FRAMEWORK_SEARCH_PATHS = /Library/Frameworks/;
				GCC_C_LANGUAGE_STANDARD = gnu99;
				GCC_OPTIMIZATION_LEVEL = 0;
				GCC_WARN_ABOUT_RETURN_TYPE = YES;
				GCC_WARN_UNUSED_VARIABLE = YES;
				HEADER_SEARCH_PATHS = (
					/opt/local/include/,
					/usr/local/include/,
					/Library/Frameworks/SDL_ttf.framework/Versions/A/Headers,
					/Library/Frameworks/SDL_image.framework/Versions/A/Headers,
					/Library/Frameworks/SDL.framework/Versions/A/Headers,
				);
				LIBRARY_SEARCH_PATHS = (
					/opt/local/lib/,
					/usr/local/lib/,
				);
				ONLY_ACTIVE_ARCH = YES;
				OTHER_CPLUSPLUSFLAGS = (
					"-framework",
					SDL,
					"-framework",
					SDL_ttf,
					"-framework",
					IOKit,
					"-framework",
					CoreFoundation,
					"$(OTHER_CFLAGS)",
				);
				OTHER_LDFLAGS = (
					"-lSDL_image",
					"-lSDL",
					"-lglfw",
					"-l3ds",
					"-lassimp",
				);
				PREBINDING = NO;
				SDKROOT = macosx10.6;
			};
			name = Debug;
		};
		1DEB923708733DC60010E9CD /* Release */ = {
			isa = XCBuildConfiguration;
			buildSettings = {
				ARCHS = "$(ARCHS_STANDARD_32_64_BIT)";
				GCC_C_LANGUAGE_STANDARD = gnu99;
				GCC_WARN_ABOUT_RETURN_TYPE = YES;
				GCC_WARN_UNUSED_VARIABLE = YES;
				HEADER_SEARCH_PATHS = (
					/opt/local/include/,
					/usr/local/include/,
				);
				LIBRARY_SEARCH_PATHS = (
					/opt/local/lib/,
					/usr/local/lib/,
				);
				OTHER_CPLUSPLUSFLAGS = (
					"-framework",
					IOKit,
					"-framework",
					CoreFoundation,
					"$(OTHER_CFLAGS)",
				);
				OTHER_LDFLAGS = (
					"-lSDL",
					"-lglfw",
					"-lSDL_image",
					"-l3ds",
					"-lassimp",
				);
				PREBINDING = NO;
				SDKROOT = macosx10.6;
			};
			name = Release;
		};
/* End XCBuildConfiguration section */

/* Begin XCConfigurationList section */
		1DEB923108733DC60010E9CD /* Build configuration list for PBXNativeTarget "MKGLibrary" */ = {
			isa = XCConfigurationList;
			buildConfigurations = (
				1DEB923208733DC60010E9CD /* Debug */,
				1DEB923308733DC60010E9CD /* Release */,
			);
			defaultConfigurationIsVisible = 0;
			defaultConfigurationName = Release;
		};
		1DEB923508733DC60010E9CD /* Build configuration list for PBXProject "MKGLibrary" */ = {
			isa = XCConfigurationList;
			buildConfigurations = (
				1DEB923608733DC60010E9CD /* Debug */,
				1DEB923708733DC60010E9CD /* Release */,
			);
			defaultConfigurationIsVisible = 0;
			defaultConfigurationName = Release;
		};
/* End XCConfigurationList section */
	};
	rootObject = 08FB7793FE84155DC02AAC07 /* Project object */;
}
